
Microsoft Visual Studio Solution File, Format Version 12.00
# Visual Studio 2012
Project("{FAE04EC0-301F-11D3-BF4B-00C04F79EFBC}") = "IMDB", "IMDB\IMDB.csproj", "{3714EE18-745B-4E5D-988F-A734EBBFAFA1}"
EndProject
Project("{FAE04EC0-301F-11D3-BF4B-00C04F79EFBC}") = "ASP_Client", "ASP_Client\ASP_Client\ASP_Client.csproj", "{60F2C8FD-9257-45BB-B479-2C59BC08859A}"
EndProject
Project("{FAE04EC0-301F-11D3-BF4B-00C04F79EFBC}") = "WebServer", "WebServer\WebServer.csproj", "{EDD9F6B0-4877-4607-B87F-8C22B99A21CC}"
EndProject
Project("{FAE04EC0-301F-11D3-BF4B-00C04F79EFBC}") = "SimpleHost", "..\..\..\..\ITU\3. Semester\Analysis, Design & Softwarearchitecture\ServiceStation0412\SimpleHostListener\SimpleHost.csproj", "{CE795003-D548-4C64-B943-FBCC85A75A82}"
Project("{FAE04EC0-301F-11D3-BF4B-00C04F79EFBC}") = "DtoSubsystem", "DtoSubsystem\DtoSubsystem.csproj", "{A8E297BE-081E-4B61-85E8-7DBCC98CAF0B}"
EndProject
Project("{FAE04EC0-301F-11D3-BF4B-00C04F79EFBC}") = "ImdbRestService", "ImdbRestService\ImdbRestService.csproj", "{D038B1DB-A875-46C5-AE46-0849CD2C9158}"
EndProject
Project("{FAE04EC0-301F-11D3-BF4B-00C04F79EFBC}") = "WPF_Client", "WPF_Client\WPF_Client\WPF_Client.csproj", "{5767092C-3689-4A81-B18D-2AB5B3AC088F}"
EndProject
Project("{FAE04EC0-301F-11D3-BF4B-00C04F79EFBC}") = "WPF_ClientUnitTest", "WPF_Client\WPF_ClientUnitTest\WPF_ClientUnitTest.csproj", "{BFE5C370-A402-44B8-89CE-0637461CA8EF}"
EndProject
Global
	GlobalSection(SolutionConfigurationPlatforms) = preSolution
		Debug|Any CPU = Debug|Any CPU
		Release|Any CPU = Release|Any CPU
	EndGlobalSection
	GlobalSection(ProjectConfigurationPlatforms) = postSolution
		{3714EE18-745B-4E5D-988F-A734EBBFAFA1}.Debug|Any CPU.ActiveCfg = Debug|Any CPU
		{3714EE18-745B-4E5D-988F-A734EBBFAFA1}.Debug|Any CPU.Build.0 = Debug|Any CPU
		{3714EE18-745B-4E5D-988F-A734EBBFAFA1}.Release|Any CPU.ActiveCfg = Release|Any CPU
		{3714EE18-745B-4E5D-988F-A734EBBFAFA1}.Release|Any CPU.Build.0 = Release|Any CPU
		{60F2C8FD-9257-45BB-B479-2C59BC08859A}.Debug|Any CPU.ActiveCfg = Debug|Any CPU
		{60F2C8FD-9257-45BB-B479-2C59BC08859A}.Debug|Any CPU.Build.0 = Debug|Any CPU
		{60F2C8FD-9257-45BB-B479-2C59BC08859A}.Release|Any CPU.ActiveCfg = Release|Any CPU
		{60F2C8FD-9257-45BB-B479-2C59BC08859A}.Release|Any CPU.Build.0 = Release|Any CPU
		{EDD9F6B0-4877-4607-B87F-8C22B99A21CC}.Debug|Any CPU.ActiveCfg = Debug|Any CPU
		{EDD9F6B0-4877-4607-B87F-8C22B99A21CC}.Debug|Any CPU.Build.0 = Debug|Any CPU
		{EDD9F6B0-4877-4607-B87F-8C22B99A21CC}.Release|Any CPU.ActiveCfg = Release|Any CPU
		{EDD9F6B0-4877-4607-B87F-8C22B99A21CC}.Release|Any CPU.Build.0 = Release|Any CPU
		{CE795003-D548-4C64-B943-FBCC85A75A82}.Debug|Any CPU.ActiveCfg = Debug|Any CPU
		{CE795003-D548-4C64-B943-FBCC85A75A82}.Debug|Any CPU.Build.0 = Debug|Any CPU
		{CE795003-D548-4C64-B943-FBCC85A75A82}.Release|Any CPU.ActiveCfg = Release|Any CPU
		{CE795003-D548-4C64-B943-FBCC85A75A82}.Release|Any CPU.Build.0 = Release|Any CPU
		{A8E297BE-081E-4B61-85E8-7DBCC98CAF0B}.Debug|Any CPU.ActiveCfg = Debug|Any CPU
		{A8E297BE-081E-4B61-85E8-7DBCC98CAF0B}.Debug|Any CPU.Build.0 = Debug|Any CPU
		{A8E297BE-081E-4B61-85E8-7DBCC98CAF0B}.Release|Any CPU.ActiveCfg = Release|Any CPU
		{A8E297BE-081E-4B61-85E8-7DBCC98CAF0B}.Release|Any CPU.Build.0 = Release|Any CPU
		{D038B1DB-A875-46C5-AE46-0849CD2C9158}.Debug|Any CPU.ActiveCfg = Debug|Any CPU
		{D038B1DB-A875-46C5-AE46-0849CD2C9158}.Debug|Any CPU.Build.0 = Debug|Any CPU
		{D038B1DB-A875-46C5-AE46-0849CD2C9158}.Release|Any CPU.ActiveCfg = Release|Any CPU
		{D038B1DB-A875-46C5-AE46-0849CD2C9158}.Release|Any CPU.Build.0 = Release|Any CPU
		{5767092C-3689-4A81-B18D-2AB5B3AC088F}.Debug|Any CPU.ActiveCfg = Debug|Any CPU
		{5767092C-3689-4A81-B18D-2AB5B3AC088F}.Debug|Any CPU.Build.0 = Debug|Any CPU
		{5767092C-3689-4A81-B18D-2AB5B3AC088F}.Release|Any CPU.ActiveCfg = Release|Any CPU
		{5767092C-3689-4A81-B18D-2AB5B3AC088F}.Release|Any CPU.Build.0 = Release|Any CPU
		{BFE5C370-A402-44B8-89CE-0637461CA8EF}.Debug|Any CPU.ActiveCfg = Debug|Any CPU
		{BFE5C370-A402-44B8-89CE-0637461CA8EF}.Debug|Any CPU.Build.0 = Debug|Any CPU
		{BFE5C370-A402-44B8-89CE-0637461CA8EF}.Release|Any CPU.ActiveCfg = Release|Any CPU
		{BFE5C370-A402-44B8-89CE-0637461CA8EF}.Release|Any CPU.Build.0 = Release|Any CPU
	EndGlobalSection
	GlobalSection(SolutionProperties) = preSolution
		HideSolutionNode = FALSE
	EndGlobalSection
EndGlobal
